{
  "name": "ajs-test",
  "version": "1.0.0",
  "lockfileVersion": 2,
  "requires": true,
  "packages": {
    "": {
      "name": "ajs-test",
      "version": "1.0.0",
      "license": "ISC",
      "dependencies": {
        "@giproject/ajs": "^1.0.0"
      }
    },
    "node_modules/@giproject/ajs": {
      "version": "1.0.0",
      "resolved": "https://npm.pkg.github.com/download/@giproject/ajs/1.0.0/44a46a09bec85bc1b95ba1faae70cf9245439ca0",
      "integrity": "sha512-v8AFP3uQgynIpMd4XPQVoZZ8wyClsrpgpI+ep6eQSghQY6AhdTzjicBrbV8K6ZHlFtlUtIMz2qCLLF2G22zb5g==",
      "license": "ISC"
    }
  },
  "dependencies": {
    "@giproject/ajs": {
      "version": "1.0.0",
      "resolved": "https://npm.pkg.github.com/download/@giproject/ajs/1.0.0/44a46a09bec85bc1b95ba1faae70cf9245439ca0",
      "integrity": "sha512-v8AFP3uQgynIpMd4XPQVoZZ8wyClsrpgpI+ep6eQSghQY6AhdTzjicBrbV8K6ZHlFtlUtIMz2qCLLF2G22zb5g=="
    }
  }
}
